
Microsoft Visual Studio Solution File, Format Version 12.00
# Visual Studio Version 17
VisualStudioVersion = 17.3.32901.215
MinimumVisualStudioVersion = 10.0.40219.1
Project("{FAE04EC0-301F-11D3-BF4B-00C04F79EFBC}") = "1", "1\1.csproj", "{48545F3C-C173-4E4C-BDE5-29432122115B}"
EndProject
Global
	GlobalSection(SolutionConfigurationPlatforms) = preSolution
		Debug|Any CPU = Debug|Any CPU
		Release|Any CPU = Release|Any CPU
	EndGlobalSection
	GlobalSection(ProjectConfigurationPlatforms) = postSolution
		{48545F3C-C173-4E4C-BDE5-29432122115B}.Debug|Any CPU.ActiveCfg = Debug|Any CPU
		{48545F3C-C173-4E4C-BDE5-29432122115B}.Debug|Any CPU.Build.0 = Debug|Any CPU
		{48545F3C-C173-4E4C-BDE5-29432122115B}.Release|Any CPU.ActiveCfg = Release|Any CPU
		{48545F3C-C173-4E4C-BDE5-29432122115B}.Release|Any CPU.Build.0 = Release|Any CPU
	EndGlobalSection
	GlobalSection(SolutionProperties) = preSolution
		HideSolutionNode = FALSE
	EndGlobalSection
	GlobalSection(ExtensibilityGlobals) = postSolution
		SolutionGuid = {EDB97DC3-ACB4-4850-AA29-C30213831365}
	EndGlobalSection
EndGlobal
